<?xml version="1.0" encoding="utf-8"?>
<Project ToolsVersion="4.0" xmlns="http://schemas.microsoft.com/developer/msbuild/2003">
  <ItemGroup>
    <Filter Include="Source Files">
      <UniqueIdentifier>{83c595f2-a32b-4b3f-a19e-d6d8e5b28b60}</UniqueIdentifier>
    </Filter>
    <Filter Include="Header Files">
      <UniqueIdentifier>{14eebb3b-7b5a-4d9e-9d56-3881a645a9fe}</UniqueIdentifier>
    </Filter>
  </ItemGroup>
  <ItemGroup>
    <ClCompile Include="CJButton.cpp">
      <Filter>Source Files</Filter>
    </ClCompile>
    <ClCompile Include="CJComboBox.cpp">
      <Filter>Source Files</Filter>
    </ClCompile>
    <ClCompile Include="CJControlBar.cpp">
      <Filter>Source Files</Filter>
    </ClCompile>
    <ClCompile Include="CJDockBar.cpp">
      <Filter>Source Files</Filter>
    </ClCompile>
    <ClCompile Include="CJFrameWnd.cpp">
      <Filter>Source Files</Filter>
    </ClCompile>
    <ClCompile Include="CJMDIFrameWnd.cpp">
      <Filter>Source Files</Filter>
    </ClCompile>
    <ClCompile Include="CJOutlookBar.cpp">
      <Filter>Source Files</Filter>
    </ClCompile>
    <ClCompile Include="CJPagerCtrl.cpp">
      <Filter>Source Files</Filter>
    </ClCompile>
    <ClCompile Include="CJTabCtrlBar.cpp">
      <Filter>Source Files</Filter>
    </ClCompile>
    <ClCompile Include="CJToolBar.cpp">
      <Filter>Source Files</Filter>
    </ClCompile>
    <ClCompile Include="CoolMenu.cpp">
      <Filter>Source Files</Filter>
    </ClCompile>
    <ClCompile Include="Emboss.cpp">
      <Filter>Source Files</Filter>
    </ClCompile>
    <ClCompile Include="FlatBar.cpp">
      <Filter>Source Files</Filter>
    </ClCompile>
    <ClCompile Include="HyperLink.cpp">
      <Filter>Source Files</Filter>
    </ClCompile>
    <ClCompile Include="ModulVer.cpp">
      <Filter>Source Files</Filter>
    </ClCompile>
    <ClCompile Include="Subclass.cpp">
      <Filter>Source Files</Filter>
    </ClCompile>
  </ItemGroup>
  <ItemGroup>
    <ClInclude Include="..\Include\CJButton.h">
      <Filter>Header Files</Filter>
    </ClInclude>
    <ClInclude Include="..\Include\CJComboBox.h">
      <Filter>Header Files</Filter>
    </ClInclude>
    <ClInclude Include="..\Include\CJControlBar.h">
      <Filter>Header Files</Filter>
    </ClInclude>
    <ClInclude Include="..\Include\CJDockBar.h">
      <Filter>Header Files</Filter>
    </ClInclude>
    <ClInclude Include="..\Include\CJFrameWnd.h">
      <Filter>Header Files</Filter>
    </ClInclude>
    <ClInclude Include="..\Include\CJMDIFrameWnd.h">
      <Filter>Header Files</Filter>
    </ClInclude>
    <ClInclude Include="..\Include\CJOutlookBar.h">
      <Filter>Header Files</Filter>
    </ClInclude>
    <ClInclude Include="..\Include\CJPagerCtrl.h">
      <Filter>Header Files</Filter>
    </ClInclude>
    <ClInclude Include="..\Include\CJTabCtrlBar.h">
      <Filter>Header Files</Filter>
    </ClInclude>
    <ClInclude Include="..\Include\CJToolBar.h">
      <Filter>Header Files</Filter>
    </ClInclude>
    <ClInclude Include="..\Include\CoolMenu.h">
      <Filter>Header Files</Filter>
    </ClInclude>
    <ClInclude Include="..\Include\FlatBar.h">
      <Filter>Header Files</Filter>
    </ClInclude>
    <ClInclude Include="..\Include\HyperLink.h">
      <Filter>Header Files</Filter>
    </ClInclude>
    <ClInclude Include="..\Include\ModulVer.h">
      <Filter>Header Files</Filter>
    </ClInclude>
    <ClInclude Include="..\Include\Subclass.h">
      <Filter>Header Files</Filter>
    </ClInclude>
  </ItemGroup>
</Project>